
Microsoft Visual Studio Solution File, Format Version 12.00
# Visual Studio Version 16
VisualStudioVersion = 16.0.30114.105
MinimumVisualStudioVersion = 10.0.40219.1
Project("{FAE04EC0-301F-11D3-BF4B-00C04F79EFBC}") = "YotesAPI", "Yotes\YotesAPI.csproj", "{841360EE-7EB4-4A37-8342-9FB617067098}"
EndProject
Project("{FAE04EC0-301F-11D3-BF4B-00C04F79EFBC}") = "Data", "Data\Data.csproj", "{4689DBA5-1B05-40B3-8BCF-18BAFC2D6B8B}"
EndProject
Project("{FAE04EC0-301F-11D3-BF4B-00C04F79EFBC}") = "Logic", "Logic\Logic.csproj", "{400B1269-509D-47F1-9775-7B3E7457AFEA}"
EndProject
Global
	GlobalSection(SolutionConfigurationPlatforms) = preSolution
		Debug|Any CPU = Debug|Any CPU
		Release|Any CPU = Release|Any CPU
	EndGlobalSection
	GlobalSection(ProjectConfigurationPlatforms) = postSolution
		{841360EE-7EB4-4A37-8342-9FB617067098}.Debug|Any CPU.ActiveCfg = Debug|Any CPU
		{841360EE-7EB4-4A37-8342-9FB617067098}.Debug|Any CPU.Build.0 = Debug|Any CPU
		{841360EE-7EB4-4A37-8342-9FB617067098}.Release|Any CPU.ActiveCfg = Release|Any CPU
		{841360EE-7EB4-4A37-8342-9FB617067098}.Release|Any CPU.Build.0 = Release|Any CPU
		{4689DBA5-1B05-40B3-8BCF-18BAFC2D6B8B}.Debug|Any CPU.ActiveCfg = Debug|Any CPU
		{4689DBA5-1B05-40B3-8BCF-18BAFC2D6B8B}.Debug|Any CPU.Build.0 = Debug|Any CPU
		{4689DBA5-1B05-40B3-8BCF-18BAFC2D6B8B}.Release|Any CPU.ActiveCfg = Release|Any CPU
		{4689DBA5-1B05-40B3-8BCF-18BAFC2D6B8B}.Release|Any CPU.Build.0 = Release|Any CPU
		{400B1269-509D-47F1-9775-7B3E7457AFEA}.Debug|Any CPU.ActiveCfg = Debug|Any CPU
		{400B1269-509D-47F1-9775-7B3E7457AFEA}.Debug|Any CPU.Build.0 = Debug|Any CPU
		{400B1269-509D-47F1-9775-7B3E7457AFEA}.Release|Any CPU.ActiveCfg = Release|Any CPU
		{400B1269-509D-47F1-9775-7B3E7457AFEA}.Release|Any CPU.Build.0 = Release|Any CPU
	EndGlobalSection
	GlobalSection(SolutionProperties) = preSolution
		HideSolutionNode = FALSE
	EndGlobalSection
	GlobalSection(ExtensibilityGlobals) = postSolution
		SolutionGuid = {4B280E06-ECB3-47E9-BCDB-714A3306D33B}
	EndGlobalSection
EndGlobal
